
Microsoft Visual Studio Solution File, Format Version 12.00
# Visual Studio Version 17
VisualStudioVersion = 17.11.35222.181
MinimumVisualStudioVersion = 10.0.40219.1
Project("{FAE04EC0-301F-11D3-BF4B-00C04F79EFBC}") = "Jewelry_Project", "Jewelry_Project\Jewelry_Project.csproj", "{EB0FABAF-6F7C-4FE7-AE02-119E011B5D97}"
EndProject
Global
	GlobalSection(SolutionConfigurationPlatforms) = preSolution
		Debug|Any CPU = Debug|Any CPU
		Release|Any CPU = Release|Any CPU
	EndGlobalSection
	GlobalSection(ProjectConfigurationPlatforms) = postSolution
		{EB0FABAF-6F7C-4FE7-AE02-119E011B5D97}.Debug|Any CPU.ActiveCfg = Debug|Any CPU
		{EB0FABAF-6F7C-4FE7-AE02-119E011B5D97}.Debug|Any CPU.Build.0 = Debug|Any CPU
		{EB0FABAF-6F7C-4FE7-AE02-119E011B5D97}.Release|Any CPU.ActiveCfg = Release|Any CPU
		{EB0FABAF-6F7C-4FE7-AE02-119E011B5D97}.Release|Any CPU.Build.0 = Release|Any CPU
	EndGlobalSection
	GlobalSection(SolutionProperties) = preSolution
		HideSolutionNode = FALSE
	EndGlobalSection
	GlobalSection(ExtensibilityGlobals) = postSolution
		SolutionGuid = {C86B4EBB-8A7D-4648-9802-26B9FD9A498A}
	EndGlobalSection
EndGlobal
